
Microsoft Visual Studio Solution File, Format Version 12.00
# Visual Studio 15
VisualStudioVersion = 15.0.28307.329
MinimumVisualStudioVersion = 10.0.40219.1
Project("{9A19103F-16F7-4668-BE54-9A1E7A4F7556}") = "Gps.Api", "Gps.Api\Gps.Api.csproj", "{95E3F16A-C97F-4AC2-9197-738E575C5D85}"
EndProject
Project("{9A19103F-16F7-4668-BE54-9A1E7A4F7556}") = "Gps.Core", "Gps.Core\Gps.Core.csproj", "{BA90050C-0B72-4823-BFF8-407B129AC046}"
EndProject
Global
	GlobalSection(SolutionConfigurationPlatforms) = preSolution
		Debug|Any CPU = Debug|Any CPU
		Release|Any CPU = Release|Any CPU
	EndGlobalSection
	GlobalSection(ProjectConfigurationPlatforms) = postSolution
		{95E3F16A-C97F-4AC2-9197-738E575C5D85}.Debug|Any CPU.ActiveCfg = Debug|Any CPU
		{95E3F16A-C97F-4AC2-9197-738E575C5D85}.Debug|Any CPU.Build.0 = Debug|Any CPU
		{95E3F16A-C97F-4AC2-9197-738E575C5D85}.Release|Any CPU.ActiveCfg = Release|Any CPU
		{95E3F16A-C97F-4AC2-9197-738E575C5D85}.Release|Any CPU.Build.0 = Release|Any CPU
		{BA90050C-0B72-4823-BFF8-407B129AC046}.Debug|Any CPU.ActiveCfg = Debug|Any CPU
		{BA90050C-0B72-4823-BFF8-407B129AC046}.Debug|Any CPU.Build.0 = Debug|Any CPU
		{BA90050C-0B72-4823-BFF8-407B129AC046}.Release|Any CPU.ActiveCfg = Release|Any CPU
		{BA90050C-0B72-4823-BFF8-407B129AC046}.Release|Any CPU.Build.0 = Release|Any CPU
	EndGlobalSection
	GlobalSection(SolutionProperties) = preSolution
		HideSolutionNode = FALSE
	EndGlobalSection
	GlobalSection(ExtensibilityGlobals) = postSolution
		SolutionGuid = {8A111F6B-A6FD-46BF-B2B3-84998DA36C7D}
	EndGlobalSection
EndGlobal
